
Microsoft Visual Studio Solution File, Format Version 12.00
# Visual Studio Version 16
VisualStudioVersion = 16.0.31410.357
MinimumVisualStudioVersion = 10.0.40219.1
Project("{FAE04EC0-301F-11D3-BF4B-00C04F79EFBC}") = "Demo20230215", "Demo20230215\Demo20230215.csproj", "{635D8964-672A-4384-A263-BE8BF0BE3131}"
EndProject
Global
	GlobalSection(SolutionConfigurationPlatforms) = preSolution
		Debug|Any CPU = Debug|Any CPU
		Release|Any CPU = Release|Any CPU
	EndGlobalSection
	GlobalSection(ProjectConfigurationPlatforms) = postSolution
		{635D8964-672A-4384-A263-BE8BF0BE3131}.Debug|Any CPU.ActiveCfg = Debug|Any CPU
		{635D8964-672A-4384-A263-BE8BF0BE3131}.Debug|Any CPU.Build.0 = Debug|Any CPU
		{635D8964-672A-4384-A263-BE8BF0BE3131}.Release|Any CPU.ActiveCfg = Release|Any CPU
		{635D8964-672A-4384-A263-BE8BF0BE3131}.Release|Any CPU.Build.0 = Release|Any CPU
	EndGlobalSection
	GlobalSection(SolutionProperties) = preSolution
		HideSolutionNode = FALSE
	EndGlobalSection
	GlobalSection(ExtensibilityGlobals) = postSolution
		SolutionGuid = {CF227A7D-1835-42E2-ABE1-DFBBC9960ECF}
	EndGlobalSection
EndGlobal
